
Microsoft Visual Studio Solution File, Format Version 12.00
# Visual Studio Version 17
VisualStudioVersion = 17.8.34330.188
MinimumVisualStudioVersion = 10.0.40219.1
Project("{FAE04EC0-301F-11D3-BF4B-00C04F79EFBC}") = "Linked List", "Linked List\Linked List.csproj", "{DB262762-02EF-4E7B-BB91-7C84447E2D75}"
EndProject
Project("{FAE04EC0-301F-11D3-BF4B-00C04F79EFBC}") = "Queue", "Queue\Queue.csproj", "{FDD73181-8F27-4CBE-8626-543BEC43C659}"
EndProject
Global
	GlobalSection(SolutionConfigurationPlatforms) = preSolution
		Debug|Any CPU = Debug|Any CPU
		Release|Any CPU = Release|Any CPU
	EndGlobalSection
	GlobalSection(ProjectConfigurationPlatforms) = postSolution
		{DB262762-02EF-4E7B-BB91-7C84447E2D75}.Debug|Any CPU.ActiveCfg = Debug|Any CPU
		{DB262762-02EF-4E7B-BB91-7C84447E2D75}.Debug|Any CPU.Build.0 = Debug|Any CPU
		{DB262762-02EF-4E7B-BB91-7C84447E2D75}.Release|Any CPU.ActiveCfg = Release|Any CPU
		{DB262762-02EF-4E7B-BB91-7C84447E2D75}.Release|Any CPU.Build.0 = Release|Any CPU
		{FDD73181-8F27-4CBE-8626-543BEC43C659}.Debug|Any CPU.ActiveCfg = Debug|Any CPU
		{FDD73181-8F27-4CBE-8626-543BEC43C659}.Debug|Any CPU.Build.0 = Debug|Any CPU
		{FDD73181-8F27-4CBE-8626-543BEC43C659}.Release|Any CPU.ActiveCfg = Release|Any CPU
		{FDD73181-8F27-4CBE-8626-543BEC43C659}.Release|Any CPU.Build.0 = Release|Any CPU
	EndGlobalSection
	GlobalSection(SolutionProperties) = preSolution
		HideSolutionNode = FALSE
	EndGlobalSection
	GlobalSection(ExtensibilityGlobals) = postSolution
		SolutionGuid = {CFEA260E-3037-4845-892C-07DA611BED73}
	EndGlobalSection
EndGlobal
